{
    "_meta": {
        "hash": {
            "sha256": "48bfb5b54e8a0dacffc2878ae96f3f90d97064173b15a682ccadcb875963ec2d"
        },
        "pipfile-spec": 6,
        "requires": {
            "python_version": "3.8"
        },
        "sources": [
            {
                "name": "pypi",
                "url": "https://pypi.org/simple",
                "verify_ssl": true
            }
        ]
    },
    "default": {
        "joblib": {
            "hashes": [
                "sha256:9c17567692206d2f3fb9ecf5e991084254fe631665c450b443761c4186a613f7",
                "sha256:feeb1ec69c4d45129954f1b7034954241eedfd6ba39b5e9e4b6883be3332d5e5"
            ],
            "index": "pypi",
            "version": "==1.0.1"
        },
        "mojimoji": {
            "hashes": [
                "sha256:029c5d2646c8ab36bef61abe26ed6bc698f7ffb6a744d82fafd86e233d6669a2",
                "sha256:2fb18323ffae39391d77c77b27ed675cbf6e49e10f884ceaf8399be7ca7e0dc5",
                "sha256:304681e2d99db69c552e1e36992cb41b967b46abd1720c1826f9dec678491d56",
                "sha256:3d3756f60754ee95847f419f48246a68271d9024c5296d298054229403804002",
                "sha256:642c5e8642fa53c9556cd4c880e09438786dd955c32c7ce5fa2693e16914cdb6",
                "sha256:adef094e1bfd961e40c1fbd2d4664da1be2426d5b31884e27394226af15d50b5",
                "sha256:ae2fcb9fa35f5890ba888780c9d445074717ef988c3171a058f002cd0f3933f4",
                "sha256:b7a1fe5726ad7036b096d44e7d014ceac174aec718199e19c6c6d1c2a757f6b9",
                "sha256:b86ee36240e77a414f796630cf3c80acef4e9528277769d1851d00b94af1cc98",
                "sha256:e257176fe55332ac5dc69735270840b36738a82f1dda3383758a6f36b5918fb6",
                "sha256:e551bb3be777643e2e1f7bc40db4d57baedaa6dac6c7875d9a926ffe66b67fb1",
                "sha256:ea9c3d0c37ae7a8e494cb9681dae404de4599d4218e5b5d13c009ab1856d6409",
                "sha256:ece991b6529dddb91ae5035dcf3b62b486af675d4ec94fc3ecf7872b66f3df88"
            ],
            "index": "pypi",
            "version": "==0.0.11"
        },
        "neologdn": {
            "hashes": [
                "sha256:206afe3e8de50bbe4a7f3209b8bca4ce8d3ea314467f6ca04a5c553acc8c32ba",
                "sha256:3d6208fd3e24a7ad4318e59ba3858944a0a06f1f2d3e592f6644c6625c2eda91",
                "sha256:55e67e4e1f52589a51ade0ffd2eb772251588757e3f15c60bad372fcb613df50",
                "sha256:636c92852a0156a8746874996cbaf114d8816119962ede8f79cb9f634ba9b97f",
                "sha256:67e131890ba1b005f366b998bc63d80ce22fea6a5023930cd6b383ee71456d23",
                "sha256:bcaa99e5635f6b3f171b5261a2b8965b831f03008adb0521081404e4a7f18226",
                "sha256:d17277c19901eb53f52ccdc8ec829b49441c314fde612d93528be78b64247e0d",
                "sha256:eb74d99c20b5864fb389d8a843afe67135285d6867c60db30ff1384fbade1d5d",
                "sha256:fd0517f18a9e818e3ca7e1cae31ecf132556bf3a79d2c8c5530d083cefdb3109"
            ],
            "index": "pypi",
            "version": "==0.5.1"
        }
    },
    "develop": {
        "attrs": {
            "hashes": [
                "sha256:149e90d6d8ac20db7a955ad60cf0e6881a3f20d37096140088356da6c716b0b1",
                "sha256:ef6aaac3ca6cd92904cdd0d83f629a15f18053ec84e6432106f7a4d04ae4f5fb"
            ],
            "markers": "python_version >= '2.7' and python_version not in '3.0, 3.1, 3.2, 3.3, 3.4'",
            "version": "==21.2.0"
        },
        "iniconfig": {
            "hashes": [
                "sha256:011e24c64b7f47f6ebd835bb12a743f2fbe9a26d4cecaa7f53bc4f35ee9da8b3",
                "sha256:bc3af051d7d14b2ee5ef9969666def0cd1a000e121eaea580d4a313df4b37f32"
            ],
            "version": "==1.1.1"
        },
        "packaging": {
            "hashes": [
                "sha256:5b327ac1320dc863dca72f4514ecc086f31186744b84a230374cc1fd776feae5",
                "sha256:67714da7f7bc052e064859c05c595155bd1ee9f69f76557e21f051443c20947a"
            ],
            "markers": "python_version >= '2.7' and python_version not in '3.0, 3.1, 3.2, 3.3'",
            "version": "==20.9"
        },
        "pluggy": {
            "hashes": [
                "sha256:15b2acde666561e1298d71b523007ed7364de07029219b604cf808bfa1c765b0",
                "sha256:966c145cd83c96502c3c3868f50408687b38434af77734af1e9ca461a4081d2d"
            ],
            "markers": "python_version >= '2.7' and python_version not in '3.0, 3.1, 3.2, 3.3'",
            "version": "==0.13.1"
        },
        "py": {
            "hashes": [
                "sha256:21b81bda15b66ef5e1a777a21c4dcd9c20ad3efd0b3f817e7a809035269e1bd3",
                "sha256:3b80836aa6d1feeaa108e046da6423ab8f6ceda6468545ae8d02d9d58d18818a"
            ],
            "markers": "python_version >= '2.7' and python_version not in '3.0, 3.1, 3.2, 3.3'",
            "version": "==1.10.0"
        },
        "pyparsing": {
            "hashes": [
                "sha256:c203ec8783bf771a155b207279b9bccb8dea02d8f0c9e5f8ead507bc3246ecc1",
                "sha256:ef9d7589ef3c200abe66653d3f1ab1033c3c419ae9b9bdb1240a85b024efc88b"
            ],
            "markers": "python_version >= '2.6' and python_version not in '3.0, 3.1, 3.2, 3.3'",
            "version": "==2.4.7"
        },
        "pytest": {
            "hashes": [
                "sha256:50bcad0a0b9c5a72c8e4e7c9855a3ad496ca6a881a3641b4260605450772c54b",
                "sha256:91ef2131a9bd6be8f76f1f08eac5c5317221d6ad1e143ae03894b862e8976890"
            ],
            "index": "pypi",
            "version": "==6.2.4"
        },
        "toml": {
            "hashes": [
                "sha256:806143ae5bfb6a3c6e736a764057db0e6a0e05e338b5630894a5f779cabb4f9b",
                "sha256:b3bda1d108d5dd99f4a20d24d9c348e91c4db7ab1b749200bded2f839ccbe68f"
            ],
            "markers": "python_version >= '2.6' and python_version not in '3.0, 3.1, 3.2, 3.3'",
            "version": "==0.10.2"
        }
    }
}
