# This file is automatically @generated by Poetry and should not be changed by hand.

[[package]]
name = "colorama"
version = "0.4.6"
description = "Cross-platform colored terminal text."
category = "dev"
optional = false
python-versions = "!=3.0.*,!=3.1.*,!=3.2.*,!=3.3.*,!=3.4.*,!=3.5.*,!=3.6.*,>=2.7"
files = [
    {file = "colorama-0.4.6-py2.py3-none-any.whl", hash = "sha256:4f1d9991f5acc0ca119f9d443620b77f9d6b33703e51011c16baf57afb285fc6"},
    {file = "colorama-0.4.6.tar.gz", hash = "sha256:08695f5cb7ed6e0531a20572697297273c47b8cae5a63ffc6d6ed5c201be6e44"},
]

[[package]]
name = "iniconfig"
version = "2.0.0"
description = "brain-dead simple config-ini parsing"
category = "dev"
optional = false
python-versions = ">=3.7"
files = [
    {file = "iniconfig-2.0.0-py3-none-any.whl", hash = "sha256:b6a85871a79d2e3b22d2d1b94ac2824226a63c6b741c88f7ae975f18b6778374"},
    {file = "iniconfig-2.0.0.tar.gz", hash = "sha256:2d91e135bf72d31a410b17c16da610a82cb55f6b0477d1a902134b24a455b8b3"},
]

[[package]]
name = "joblib"
version = "1.3.2"
description = "Lightweight pipelining with Python functions"
category = "main"
optional = false
python-versions = ">=3.7"
files = [
    {file = "joblib-1.3.2-py3-none-any.whl", hash = "sha256:ef4331c65f239985f3f2220ecc87db222f08fd22097a3dd5698f693875f8cbb9"},
    {file = "joblib-1.3.2.tar.gz", hash = "sha256:92f865e621e17784e7955080b6d042489e3b8e294949cc44c6eac304f59772b1"},
]

[[package]]
name = "mojimoji"
version = "0.0.12"
description = "A fast converter between Japanese hankaku and zenkaku characters"
category = "main"
optional = false
python-versions = "*"
files = [
    {file = "mojimoji-0.0.12-cp36-cp36m-macosx_10_14_x86_64.whl", hash = "sha256:98f41bf146b731ed4554c60495c53fd96339a52e02b22a869d6eaf2433047505"},
    {file = "mojimoji-0.0.12-cp36-cp36m-manylinux_2_17_aarch64.manylinux2014_aarch64.whl", hash = "sha256:61c03620528650603b3c92f367d6db2a645c2638408add5ba03fed982af7cd1d"},
    {file = "mojimoji-0.0.12-cp36-cp36m-manylinux_2_17_x86_64.manylinux2014_x86_64.whl", hash = "sha256:f7f4da9e809fa68588e817f1ae351c4274be2366e542c51393657cae7bcf114f"},
    {file = "mojimoji-0.0.12-cp36-cp36m-win_amd64.whl", hash = "sha256:05b589361b6f35aef96df3a7f64c2a286a7e7aed9865cd7baf1a5876bb4cd16a"},
    {file = "mojimoji-0.0.12-cp37-cp37m-macosx_10_14_x86_64.whl", hash = "sha256:a98fb09bd49245f9d9cd29603b912dc2f94e619e6d2f5b722553a5dbe113ce6c"},
    {file = "mojimoji-0.0.12-cp37-cp37m-manylinux_2_17_aarch64.manylinux2014_aarch64.whl", hash = "sha256:b110101148b920eba60fa4627b904fa18801c5ca3667880494b7f0d25dd1a5fe"},
    {file = "mojimoji-0.0.12-cp37-cp37m-manylinux_2_17_x86_64.manylinux2014_x86_64.whl", hash = "sha256:d974a034528cb9fb95fcade6f3ffb73dc1dc336e17413486a5094724cbe9e34f"},
    {file = "mojimoji-0.0.12-cp37-cp37m-win_amd64.whl", hash = "sha256:f180e2e8ff47e54cc36b0de147bceaf76fab88ef06775835a55b38ef6b82c161"},
    {file = "mojimoji-0.0.12-cp38-cp38-macosx_10_14_x86_64.whl", hash = "sha256:9723531661911479bbfce08ec8a62c7b5958a307f33a025fe938d19550b13f9d"},
    {file = "mojimoji-0.0.12-cp38-cp38-manylinux_2_17_aarch64.manylinux2014_aarch64.whl", hash = "sha256:7a15864d8de07a487280c528fe3d2aeaad05bb2ce6d8bf201fc1480b0b5db337"},
    {file = "mojimoji-0.0.12-cp38-cp38-manylinux_2_17_x86_64.manylinux2014_x86_64.whl", hash = "sha256:59cc0af7d3be3b6847c8dcf1a4e0d09cc0646ff64c101308903d14871245403c"},
    {file = "mojimoji-0.0.12-cp38-cp38-win_amd64.whl", hash = "sha256:8a1285040b7ef7ca5bafe095b62b99507cf19e10c6000e3279bc44d9430da3d9"},
    {file = "mojimoji-0.0.12-cp39-cp39-macosx_10_14_x86_64.whl", hash = "sha256:ae5e6e8d4e70849f4217fa00ca7d770354f5a13c04778b6f07f3bceb0a636abd"},
    {file = "mojimoji-0.0.12-cp39-cp39-manylinux_2_17_aarch64.manylinux2014_aarch64.whl", hash = "sha256:b2247233f4b3bee6ab601ac7fcbd84124ad91788a7418c1430f93a4bac340218"},
    {file = "mojimoji-0.0.12-cp39-cp39-manylinux_2_17_x86_64.manylinux2014_x86_64.whl", hash = "sha256:515f6fa5659d77a172f1fb46950d34674f33cf487e9aa131bf9422cbe127e5f4"},
    {file = "mojimoji-0.0.12-cp39-cp39-win_amd64.whl", hash = "sha256:b379781a0cb95eeb79939608b4a013ad7b79ba03b7fe9b795eadc40bd96a06c9"},
    {file = "mojimoji-0.0.12.tar.gz", hash = "sha256:01a3d73e8b3c641386b1824d5106b8ea5c351a641623c910d89d8f02520c1b0e"},
]

[[package]]
name = "neologdn"
version = "0.5.2"
description = "Japanese text normalizer for mecab-neologd"
category = "main"
optional = false
python-versions = "*"
files = [
    {file = "neologdn-0.5.2-cp27-cp27m-win_amd64.whl", hash = "sha256:f4032406ef974aa3d452ba121475f70bb35325588d4695a589d363ded59b076a"},
    {file = "neologdn-0.5.2-cp310-cp310-win_amd64.whl", hash = "sha256:b6446d648b3d2f73a69746138b6f8037117b2d14bc1336256e98745dc68577c2"},
    {file = "neologdn-0.5.2-cp311-cp311-win_amd64.whl", hash = "sha256:61a7b3d9b8f6c6a49de333f618051e73312bf84241c8cdc4093e71e4b94bef9a"},
    {file = "neologdn-0.5.2-cp36-cp36m-win_amd64.whl", hash = "sha256:5ae0fb12a2816d65f1ecc4e09a6e7555320283c2cb7d881e2baf2449bb1fc794"},
    {file = "neologdn-0.5.2-cp37-cp37m-win_amd64.whl", hash = "sha256:881098e7478cfd76181f7967ab47424cd60c2fd19507e0334c33509a63c8af1c"},
    {file = "neologdn-0.5.2-cp38-cp38-win_amd64.whl", hash = "sha256:ebbe4df98b4784b75c18aed22db79dc985912a090ce8cda876cac103e89f2bae"},
    {file = "neologdn-0.5.2-cp39-cp39-win_amd64.whl", hash = "sha256:607c22febe363666fdab9a8fae0650eab2df5dcd12324e97239a6767caabeca4"},
    {file = "neologdn-0.5.2.tar.gz", hash = "sha256:2f56b2ffddfe7f8613d52b9f6366c224af2bb217c47c1e80e227a348345cce52"},
]

[[package]]
name = "packaging"
version = "23.2"
description = "Core utilities for Python packages"
category = "dev"
optional = false
python-versions = ">=3.7"
files = [
    {file = "packaging-23.2-py3-none-any.whl", hash = "sha256:8c491190033a9af7e1d931d0b5dacc2ef47509b34dd0de67ed209b5203fc88c7"},
    {file = "packaging-23.2.tar.gz", hash = "sha256:048fb0e9405036518eaaf48a55953c750c11e1a1b68e0dd1a9d62ed0c092cfc5"},
]

[[package]]
name = "pluggy"
version = "1.3.0"
description = "plugin and hook calling mechanisms for python"
category = "dev"
optional = false
python-versions = ">=3.8"
files = [
    {file = "pluggy-1.3.0-py3-none-any.whl", hash = "sha256:d89c696a773f8bd377d18e5ecda92b7a3793cbe66c87060a6fb58c7b6e1061f7"},
    {file = "pluggy-1.3.0.tar.gz", hash = "sha256:cf61ae8f126ac6f7c451172cf30e3e43d3ca77615509771b3a984a0730651e12"},
]

[package.extras]
dev = ["pre-commit", "tox"]
testing = ["pytest", "pytest-benchmark"]

[[package]]
name = "pytest"
version = "7.4.2"
description = "pytest: simple powerful testing with Python"
category = "dev"
optional = false
python-versions = ">=3.7"
files = [
    {file = "pytest-7.4.2-py3-none-any.whl", hash = "sha256:1d881c6124e08ff0a1bb75ba3ec0bfd8b5354a01c194ddd5a0a870a48d99b002"},
    {file = "pytest-7.4.2.tar.gz", hash = "sha256:a766259cfab564a2ad52cb1aae1b881a75c3eb7e34ca3779697c23ed47c47069"},
]

[package.dependencies]
colorama = {version = "*", markers = "sys_platform == \"win32\""}
iniconfig = "*"
packaging = "*"
pluggy = ">=0.12,<2.0"

[package.extras]
testing = ["argcomplete", "attrs (>=19.2.0)", "hypothesis (>=3.56)", "mock", "nose", "pygments (>=2.7.2)", "requests", "setuptools", "xmlschema"]

[metadata]
lock-version = "2.0"
python-versions = "^3.11"
content-hash = "87b36af5aaa5d54c987baec2713b3cae1ab8fc207c9c9dadd179ffcf41936156"
